
Microsoft Visual Studio Solution File, Format Version 12.00
# Visual Studio Version 17
VisualStudioVersion = 17.4.33213.308
MinimumVisualStudioVersion = 10.0.40219.1
Project("{9A19103F-16F7-4668-BE54-9A1E7A4F7556}") = "DBManager", "DBManager\DBManager.csproj", "{D26D158F-054B-4342-968F-4C40D865E6E2}"
EndProject
Project("{9A19103F-16F7-4668-BE54-9A1E7A4F7556}") = "Test", "Test\Test.csproj", "{12FF28AB-3A4B-49B2-829C-E87AA1D8B955}"
EndProject
Global
	GlobalSection(SolutionConfigurationPlatforms) = preSolution
		Debug|Any CPU = Debug|Any CPU
		Release|Any CPU = Release|Any CPU
	EndGlobalSection
	GlobalSection(ProjectConfigurationPlatforms) = postSolution
		{D26D158F-054B-4342-968F-4C40D865E6E2}.Debug|Any CPU.ActiveCfg = Debug|Any CPU
		{D26D158F-054B-4342-968F-4C40D865E6E2}.Debug|Any CPU.Build.0 = Debug|Any CPU
		{D26D158F-054B-4342-968F-4C40D865E6E2}.Release|Any CPU.ActiveCfg = Release|Any CPU
		{D26D158F-054B-4342-968F-4C40D865E6E2}.Release|Any CPU.Build.0 = Release|Any CPU
		{12FF28AB-3A4B-49B2-829C-E87AA1D8B955}.Debug|Any CPU.ActiveCfg = Debug|Any CPU
		{12FF28AB-3A4B-49B2-829C-E87AA1D8B955}.Debug|Any CPU.Build.0 = Debug|Any CPU
		{12FF28AB-3A4B-49B2-829C-E87AA1D8B955}.Release|Any CPU.ActiveCfg = Release|Any CPU
		{12FF28AB-3A4B-49B2-829C-E87AA1D8B955}.Release|Any CPU.Build.0 = Release|Any CPU
	EndGlobalSection
	GlobalSection(SolutionProperties) = preSolution
		HideSolutionNode = FALSE
	EndGlobalSection
	GlobalSection(ExtensibilityGlobals) = postSolution
		SolutionGuid = {54568EB4-6495-45EF-B3F8-FD270AB28C46}
	EndGlobalSection
EndGlobal
